lockfileVersion: '6.0'

settings:
  autoInstallPeers: true
  excludeLinksFromLockfile: false

packageExtensionsChecksum: 1c6b329f8dcac75651a5dd6f8b85d6ce

importers:

  .:
    devDependencies:
      '@types/node':
        specifier: ^20.0.0
        version: 20.19.43
      prettier:
        specifier: ^3.0.0
        version: 3.9.6
      turbo:
        specifier: ^2.10.7
        version: 2.10.9
      typescript:
        specifier: ^5.1.0
        version: 5.9.3

  apps/jhadina-web:
    dependencies:
      '@jhadina/connector-core':
        specifier: workspace:*
        version: link:../../packages/jhadina-connector-core
      '@jhadina/tv-core':
        specifier: workspace:*
        version: link:../../packages/jhadina-tv-core
      '@supabase/ssr':
        specifier: ^0.10.0
        version: 0.10.3(@supabase/supabase-js@2.112.3)
      '@supabase/supabase-js':
        specifier: ^2.57.0
        version: 2.112.3
      next:
        specifier: ^14.0.0
        version: 14.2.35(react-dom@18.3.1)(react@18.3.1)
      react:
        specifier: ^18.2.0
        version: 18.3.1
      react-dom:
        specifier: ^18.2.0
        version: 18.3.1(react@18.3.1)
    devDependencies:
      '@types/node':
        specifier: ^20.0.0
        version: 20.19.43
      '@types/react':
        specifier: ^18.2.0
        version: 18.3.31
      '@types/react-dom':
        specifier: ^18.2.0
        version: 18.3.7(@types/react@18.3.31)
      eslint:
        specifier: ^8.0.0
        version: 8.57.1
      eslint-config-next:
        specifier: ^14.0.0
        version: 14.2.35(eslint@8.57.1)(typescript@5.9.3)
      typescript:
        specifier: ^5.1.0
        version: 5.9.3
      vitest:
        specifier: ^2.1.8
        version: 2.1.9(@types/node@20.19.43)
