lockfileVersion: '6.0'

settings:
  autoInstallPeers: true
  excludeLinksFromLockfile: false

packageExtensionsChecksum: 1c6b329f8dcac75651a5dd6f8b85d6ce

importers:

  .:
    devDependencies:
      '@types/node':
        specifier: ^20.0.0
        version: 20.19.43
      prettier:
        specifier: ^3.0.0
        version: 3.9.6
      turbo:
        specifier: ^2.10.7
        version: 2.10.9
      typescript:
        specifier: ^5.1.0
        version: 5.9.3

  apps/jhadina-web:
    dependencies:
      '@jhadina/spatial-intelligence-core':
        specifier: workspace:*
        version: link:../../packages/spatial-intelligence-core
      '@jhadina/tv-core':
        specifier: workspace:*
        version: link:../../packages/jhadina-tv-core
      '@supabase/ssr':
        specifier: ^0.10.0
        version: 0.10.3(@supabase/supabase-js@2.112.3)
      '@supabase/supabase-js':
        specifier: ^2.57.0
        version: 2.112.3
      next:
        specifier: ^14.0.0
        version: 14.2.35(react-dom@18.3.1)(react@18.3.1)
      react:
        specifier: ^18.2.0
        version: 18.3.1
      react-dom:
        specifier: ^18.2.0
        version: 18.3.1(react@18.3.1)
    devDependencies:
      '@types/node':
        specifier: ^20.0.0
        version: 20.19.43
      '@types/react':
        specifier: ^18.2.0
        version: 18.3.31
      '@types/react-dom':
        specifier: ^18.2.0
        version: 18.3.7(@types/react@18.3.31)
      eslint:
        specifier: ^8.0.0
        version: 8.57.1
      eslint-config-next:
        specifier: ^14.0.0
        version: 14.2.35(eslint@8.57.1)(typescript@5.9.3)
      typescript:
        specifier: ^5.1.0
        version: 5.9.3
      vitest:
        specifier: ^2.1.8
        version: 2.1.9(@types/node@20.19.43)

  apps/pupsonstuff:
    dependencies:
      '@huggingface/inference':
        specifier: ^4.13.25
        version: 4.13.26
      '@react-three/drei':
        specifier: ^10.7.8
        version: 10.7.8(@react-three/fiber@9.7.0)(@types/three@0.170.0)(react-dom@19.2.8)(react@19.2.8)(three@0.170.0)
      '@react-three/fiber':
        specifier: ^9.4.2
        version: 9.7.0(react-dom@19.2.8)(react@19.2.8)(three@0.170.0)
      framer-motion:
        specifier: ^11.0.0
        version: 11.18.2(react-dom@19.2.8)(react@19.2.8)
      maath:
        specifier: ^0.10.8
        version: 0.10.8(@types/three@0.170.0)(three@0.170.0)
      next:
        specifier: ^15.0.0
        version: 15.5.23(react-dom@19.2.8)(react@19.2.8)
      openai:
        specifier: ^7.4.0
        version: 7.4.0
      react:
        specifier: ^19.0.0
        version: 19.2.8
      react-dom:
        specifier: ^19.0.0
        version: 19.2.8(react@19.2.8)
      sharp:
        specifier: ^0.35.3
        version: 0.35.3(@types/node@20.19.43)
      stripe:
        specifier: ^22.5.0
        version: 22.5.0(@types/node@20.19.43)
      three:
        specifier: ^0.170.0
        version: 0.170.0
    devDependencies:
      '@types/node':
        specifier: ^20.14.0
        version: 20.19.43
      '@types/react':
        specifier: ^19.0.0
        version: 19.2.18
      '@types/react-dom':
        specifier: ^19.0.0
        version: 19.2.4(@types/react@19.2.18)
      '@types/three':
        specifier: ^0.170.0
        version: 0.170.0
      autoprefixer:
        specifier: ^10.4.0
        version: 10.5.4(postcss@8.5.26)
      postcss:
        specifier: ^8.4.0
        version: 8.5.26
      tailwindcss:
        specifier: ^3.4.0
        version: 3.4.19
      typescript:
        specifier: ^5.4.0
        version: 5.9.3
      vitest:
        specifier: ^2.1.8
        version: 2.1.9(@types/node@20.19.43)

  apps/staffing-web:
    dependencies:
      '@staffing/core':
        specifier: workspace:*
        version: link:../../packages/staffing-core
      next:
        specifier: ^15.0.0
        version: 15.5.23(react-dom@19.2.8)(react@19.2.8)
      react:
        specifier: ^19.0.0
        version: 19.2.8
      react-dom:
        specifier: ^19.0.0
        version: 19.2.8(react@19.2.8)

  packages/agent-runtime-core:
    devDependencies:
      vitest:
        specifier: ^2.1.8
        version: 2.1.9(@types/node@20.19.43)

  packages/checkout-orchestrator: {}

  packages/commerce-adapters: {}

  packages/courier-fleet-core: {}

  packages/delivery-compliance-gate: {}

  packages/director-core:
    devDependencies:
      vitest:
        specifier: ^2.1.8
        version: 2.1.9(@types/node@20.19.43)

  packages/energy-opportunity-core:
    devDependencies:
      '@types/node':
        specifier: ^20.0.0
        version: 20.19.43
      tsx:
        specifier: ^4.20.3
        version: 4.23.12
      typescript:
        specifier: ^5.1.0
        version: 5.9.3

  packages/growth-core:
    devDependencies:
      vitest:
        specifier: ^2.1.8
        version: 2.1.9(@types/node@20.19.43)

  packages/jhadina-action-core:
    devDependencies:
      '@types/node':
        specifier: ^20.0.0
        version: 20.19.43
      tsx:
        specifier: ^4.20.3
        version: 4.23.12
      typescript:
        specifier: ^5.1.0
        version: 5.9.3

  packages/jhadina-capability-registry:
    devDependencies:
      '@types/node':
        specifier: ^20.0.0
        version: 20.19.43
      tsx:
        specifier: ^4.20.3
        version: 4.23.12
      typescript:
        specifier: ^5.9.0
        version: 5.9.3

  packages/jhadina-core-spine: {}

  packages/jhadina-entertainment-core:
    devDependencies:
      vitest:
        specifier: ^2.1.8
        version: 2.1.9(@types/node@20.19.43)

  packages/jhadina-event-bus:
    devDependencies:
      '@types/node':
        specifier: ^20.0.0
        version: 20.19.43
      tsx:
        specifier: ^4.20.3
        version: 4.23.12
      typescript:
        specifier: ^5.1.0
        version: 5.9.3

  packages/jhadina-evolution-core:
    dependencies:
      '@jhadina/core-spine':
        specifier: workspace:*
        version: link:../jhadina-core-spine
    devDependencies:
      '@types/node':
        specifier: ^20.0.0
        version: 20.19.43
      tsx:
        specifier: ^4.20.3
        version: 4.23.12
      typescript:
        specifier: ^5.1.0
        version: 5.9.3

  packages/jhadina-intelligence-core:
    dependencies:
      '@jhadina/core-spine':
        specifier: workspace:*
        version: link:../jhadina-core-spine
    devDependencies:
      '@types/node':
        specifier: ^20.0.0
        version: 20.19.43
      tsx:
        specifier: ^4.20.3
        version: 4.23.12
      typescript:
        specifier: ^5.1.0
        version: 5.9.3

  packages/jhadina-research-core: {}

  packages/jhadina-tv-core: {}

  packages/knowledge-graph:
    devDependencies:
      '@types/node':
        specifier: ^20.0.0
        version: 20.19.43
      tsx:
        specifier: ^4.20.3
        version: 4.23.12
      typescript:
        specifier: ^5.1.0
        version: 5.9.3

  packages/money-core:
    dependencies:
      pg:
        specifier: ^8.16.3
        version: 8.23.0
    devDependencies:
      '@types/node':
        specifier: ^20.0.0
        version: 20.19.43
      '@types/pg':
        specifier: ^8.15.5
        version: 8.21.0
      tsx:
        specifier: ^4.20.3
        version: 4.23.12
      typescript:
        specifier: ^5.1.0
        version: 5.9.3

  packages/music-core:
    devDependencies:
      typescript:
        specifier: ^5.1.0
        version: 5.9.3
      vitest:
        specifier: ^2.1.8
        version: 2.1.9(@types/node@20.19.43)

  packages/offer-engine: {}

  packages/opportunity-core: {}

  packages/order-fulfillment-core: {}

  packages/payment-core: {}

  packages/planning-core:
    devDependencies:
      vitest:
        specifier: ^2.1.8
        version: 2.1.9(@types/node@20.19.43)

  packages/scheduler-core:
    devDependencies:
      vitest:
        specifier: ^2.1.8
        version: 2.1.9(@types/node@20.19.43)

  packages/security-core:
    devDependencies:
      tsx:
        specifier: ^4.20.3
        version: 4.23.12
      typescript:
        specifier: ^5.1.0
        version: 5.9.3

  packages/shotlist-core:
    devDependencies:
      vitest:
        specifier: ^4.0.0
        version: 4.1.10(@types/node@20.19.43)(vite@8.2.1)

  packages/social-core: {}

  packages/spatial-intelligence-core:
    devDependencies:
      '@types/node':
        specifier: ^20.0.0
        version: 20.19.43
      tsx:
        specifier: ^4.20.3
        version: 4.23.12
      typescript:
        specifier: ^5.1.0
        version: 5.9.3
      vitest:
        specifier: ^2.1.8
        version: 2.1.9(@types/node@20.19.43)

  packages/staffing-core: {}
